Microsoft Visual Studio Solution File, Format Version 12.00
# Visual Studio Version 17
VisualStudioVersion = 17.5.2.0
MinimumVisualStudioVersion = 10.0.40219.1
Project("{FAE04EC0-301F-11D3-BF4B-00C04F79EFBC}") = "NoteSait", "NoteSait.csproj", "{F1963291-DB4D-1F73-C596-70C18100F3ED}"
EndProject
Global
	GlobalSection(SolutionConfigurationPlatforms) = preSolution
		Debug|Any CPU = Debug|Any CPU
		Release|Any CPU = Release|Any CPU
	EndGlobalSection
	GlobalSection(ProjectConfigurationPlatforms) = postSolution
		{F1963291-DB4D-1F73-C596-70C18100F3ED}.Debug|Any CPU.ActiveCfg = Debug|Any CPU
		{F1963291-DB4D-1F73-C596-70C18100F3ED}.Debug|Any CPU.Build.0 = Debug|Any CPU
		{F1963291-DB4D-1F73-C596-70C18100F3ED}.Release|Any CPU.ActiveCfg = Release|Any CPU
		{F1963291-DB4D-1F73-C596-70C18100F3ED}.Release|Any CPU.Build.0 = Release|Any CPU
	EndGlobalSection
	GlobalSection(SolutionProperties) = preSolution
		HideSolutionNode = FALSE
	EndGlobalSection
	GlobalSection(ExtensibilityGlobals) = postSolution
		SolutionGuid = {84EF17CE-BEB6-4B45-9D98-D4E8466668FD}
	EndGlobalSection
EndGlobal
